PODS:
  - Alamofire (5.0.5)
  - AlamofireNetworkActivityLogger (3.0.1):
    - Alamofire (~> 5.0.0)
  - Differentiator (4.0.1)
  - Kingfisher (5.3.1)
  - ObjectMapper (3.5.2)
  - R.swift (5.0.2):
    - R.swift.Library (~> 5.0.0)
  - R.swift.Library (5.0.1)
  - Reusable (4.1.1):
    - Reusable/Storyboard (= 4.1.1)
    - Reusable/View (= 4.1.1)
  - Reusable/Storyboard (4.1.1)
  - Reusable/View (4.1.1)
  - RxAlamofire (5.0.0):
    - RxAlamofire/Core (= 5.0.0)
  - RxAlamofire/Core (5.0.0):
    - Alamofire (~> 5.0)
    - RxSwift (~> 5.0)
  - RxCocoa (5.1.1):
    - RxRelay (~> 5)
    - RxSwift (~> 5)
  - RxDataSources (4.0.1):
    - Differentiator (~> 4.0)
    - RxCocoa (~> 5.0)
    - RxSwift (~> 5.0)
  - RxGesture (3.0.2):
    - RxCocoa (~> 5.1)
    - RxSwift (~> 5.1)
  - RxRelay (5.1.1):
    - RxSwift (~> 5)
  - RxSwift (5.1.1)
  - Then (2.5.0)

DEPENDENCIES:
  - AlamofireNetworkActivityLogger (from `https://github.com/maslovsa/AlamofireNetworkActivityLogger`, commit `68e48b2beb720dd48afa476c90f52509cb5f9567`)
  - Kingfisher (= 5.3.1)
  - ObjectMapper (~> 3.5)
  - R.swift (= 5.0.2)
  - Reusable
  - RxAlamofire (from `https://github.com/maslovsa/RxAlamofire`, commit `d55b1170915b3f66e17f5f8f58c642ec52c92019`)
  - RxCocoa (~> 5.1.0)
  - RxDataSources
  - RxGesture
  - RxSwift (~> 5.1.0)
  - Then (= 2.5.0)

SPEC REPOS:
  trunk:
    - Alamofire
    - Differentiator
    - Kingfisher
    - ObjectMapper
    - R.swift
    - R.swift.Library
    - Reusable
    - RxCocoa
    - RxDataSources
    - RxGesture
    - RxRelay
    - RxSwift
    - Then

EXTERNAL SOURCES:
  AlamofireNetworkActivityLogger:
    :commit: 68e48b2beb720dd48afa476c90f52509cb5f9567
    :git: https://github.com/maslovsa/AlamofireNetworkActivityLogger
  RxAlamofire:
    :commit: d55b1170915b3f66e17f5f8f58c642ec52c92019
    :git: https://github.com/maslovsa/RxAlamofire

CHECKOUT OPTIONS:
  AlamofireNetworkActivityLogger:
    :commit: 68e48b2beb720dd48afa476c90f52509cb5f9567
    :git: https://github.com/maslovsa/AlamofireNetworkActivityLogger
  RxAlamofire:
    :commit: d55b1170915b3f66e17f5f8f58c642ec52c92019
    :git: https://github.com/maslovsa/RxAlamofire

SPEC CHECKSUMS:
  Alamofire: df2f8f826963b08b9a870791ad48e07a10090b2e
  AlamofireNetworkActivityLogger: e177bfea60eed7a280cee44848c9d67065ad2ba5
  Differentiator: 886080237d9f87f322641dedbc5be257061b0602
  Kingfisher: d9e7e0b209b59b8f9873aa2f37654e81a7beea51
  ObjectMapper: b53ae947d370bf89423e86be7d4e2d2b2a8d3f40
  R.swift: 81455d81467763cbd3f4d79d938d05f4ac4c0228
  R.swift.Library: cfe85d569d9bae6cb262922db130e7c3a7a5fad1
  Reusable: 53a9acf5c536f229b31b5865782414b508252ddb
  RxAlamofire: ca32c162611b0adfbfb3f85c90b945c7d935d5d9
  RxCocoa: 32065309a38d29b5b0db858819b5bf9ef038b601
  RxDataSources: efee07fa4de48477eca0a4611e6d11e2da9c1114
  RxGesture: d6bd7447ca3a596c7a9702a6a2b6a2bb5d8bae54
  RxRelay: d77f7d771495f43c556cbc43eebd1bb54d01e8e9
  RxSwift: 81470a2074fa8780320ea5fe4102807cb7118178
  Then: 0157115e883545c77967b452fe74a1d25fb796e1

PODFILE CHECKSUM: fdf162fcdc30007bd63b8605f00ea6a761cfc151

COCOAPODS: 1.8.4
