PODS:
  - Differentiator (3.1.0)
  - Kingfisher (5.3.1)
  - R.swift (5.0.2):
    - R.swift.Library (~> 5.0.0)
  - R.swift.Library (5.0.1)
  - Reusable (4.1.0):
    - Reusable/Storyboard (= 4.1.0)
    - Reusable/View (= 4.1.0)
  - Reusable/Storyboard (4.1.0)
  - Reusable/View (4.1.0)
  - RxCocoa (4.5.0):
    - RxSwift (>= 4.4.2, ~> 4.4)
  - RxDataSources (3.1.0):
    - Differentiator (~> 3.0)
    - RxCocoa (~> 4.0)
    - RxSwift (~> 4.0)
  - RxGesture (2.2.0):
    - RxCocoa (~> 4.5)
    - RxSwift (~> 4.5)
  - RxSwift (4.5.0)
  - Then (2.5.0)

DEPENDENCIES:
  - Kingfisher (= 5.3.1)
  - R.swift (= 5.0.2)
  - Reusable
  - RxCocoa (~> 4.0)
  - RxDataSources (= 3.1.0)
  - RxGesture (= 2.2.0)
  - RxSwift (~> 4.0)
  - Then (= 2.5.0)

SPEC REPOS:
  trunk:
    - Differentiator
    - Kingfisher
    - R.swift
    - R.swift.Library
    - Reusable
    - RxCocoa
    - RxDataSources
    - RxGesture
    - RxSwift
    - Then

SPEC CHECKSUMS:
  Differentiator: be49ca3408f0ecfc761e4c7763d20c62be01b9ad
  Kingfisher: d9e7e0b209b59b8f9873aa2f37654e81a7beea51
  R.swift: 81455d81467763cbd3f4d79d938d05f4ac4c0228
  R.swift.Library: cfe85d569d9bae6cb262922db130e7c3a7a5fad1
  Reusable: 82be188f29d96dc5eff0db7b2393bcc08d2cdd5b
  RxCocoa: cbf70265dc65a981d4ac982e513c10cf23df24a0
  RxDataSources: a843bad90c29817f5923ec8163f4af2de084ceb3
  RxGesture: c1b7bf17166b0ef9d642a9510f8bac5785f18990
  RxSwift: f172070dfd1a93d70a9ab97a5a01166206e1c575
  Then: 0157115e883545c77967b452fe74a1d25fb796e1

PODFILE CHECKSUM: b9b5e8b92cb7ed877cb0be180540f6bdba60a320

COCOAPODS: 1.8.4
