// !$*UTF8*$!
{
	archiveVersion = 1;
	classes = {
	};
	objectVersion = 51;
	objects = {

/* Begin PBXBuildFile section */
		793D282C2416835D0076B97F /* GameState.swift in Sources */ = {isa = PBXBuildFile; fileRef = 793D282B2416835C0076B97F /* GameState.swift */; };
		793D282E2416907B0076B97F /* MySKScene.swift in Sources */ = {isa = PBXBuildFile; fileRef = 793D282D2416907B0076B97F /* MySKScene.swift */; };
		793D2831241693130076B97F /* CameraHelper.swift in Sources */ = {isa = PBXBuildFile; fileRef = 793D2830241693130076B97F /* CameraHelper.swift */; };
		793D2833241695500076B97F /* GameConfiguration.swift in Sources */ = {isa = PBXBuildFile; fileRef = 793D2832241695500076B97F /* GameConfiguration.swift */; };
		793D289B2417AE4B0076B97F /* R.generated.swift in Sources */ = {isa = PBXBuildFile; fileRef = 793D289A2417AE4B0076B97F /* R.generated.swift */; };
		793D28A02417AE740076B97F /* LaunchScreen.strings in Resources */ = {isa = PBXBuildFile; fileRef = 793D289E2417AE730076B97F /* LaunchScreen.strings */; };
		793D28A32417AEDA0076B97F /* Localizable.strings in Resources */ = {isa = PBXBuildFile; fileRef = 793D28A12417AEDA0076B97F /* Localizable.strings */; };
		793D28AB2417BF9D0076B97F /* Localizable.strings in Resources */ = {isa = PBXBuildFile; fileRef = 793D28A92417BF9D0076B97F /* Localizable.strings */; };
		793D28AD2417BFCE0076B97F /* Level.swift in Sources */ = {isa = PBXBuildFile; fileRef = 793D28AC2417BFCE0076B97F /* Level.swift */; };
		793D28B2241801590076B97F /* Tile.swift in Sources */ = {isa = PBXBuildFile; fileRef = 793D28B1241801590076B97F /* Tile.swift */; };
		793D28B42418017E0076B97F /* MapPoint.swift in Sources */ = {isa = PBXBuildFile; fileRef = 793D28B32418017E0076B97F /* MapPoint.swift */; };
		793D28B6241801AE0076B97F /* TileType.swift in Sources */ = {isa = PBXBuildFile; fileRef = 793D28B5241801AE0076B97F /* TileType.swift */; };
		793D28B924180D380076B97F /* Map.swift in Sources */ = {isa = PBXBuildFile; fileRef = 793D28B824180D380076B97F /* Map.swift */; };
		793D28BB241811330076B97F /* LevelCreator.swift in Sources */ = {isa = PBXBuildFile; fileRef = 793D28BA241811330076B97F /* LevelCreator.swift */; };
		794DF002241CC90600DFBD90 /* LevelScheme.swift in Sources */ = {isa = PBXBuildFile; fileRef = 794DF001241CC90600DFBD90 /* LevelScheme.swift */; };
		794DF004241CDC3100DFBD90 /* FirstLevel.swift in Sources */ = {isa = PBXBuildFile; fileRef = 794DF003241CDC3100DFBD90 /* FirstLevel.swift */; };
		7984F876242B5FAD002E0650 /* TileSet.sks in Resources */ = {isa = PBXBuildFile; fileRef = 7984F875242B5FAD002E0650 /* TileSet.sks */; };
		7984F878242B915E002E0650 /* LayerType.swift in Sources */ = {isa = PBXBuildFile; fileRef = 7984F877242B915E002E0650 /* LayerType.swift */; };
		7992DB7624138DC000C48032 /* AppDelegate.swift in Sources */ = {isa = PBXBuildFile; fileRef = 7992DB7524138DC000C48032 /* AppDelegate.swift */; };
		7992DB7824138DC000C48032 /* GameScene.sks in Resources */ = {isa = PBXBuildFile; fileRef = 7992DB7724138DC000C48032 /* GameScene.sks */; };
		7992DB7A24138DC100C48032 /* Actions.sks in Resources */ = {isa = PBXBuildFile; fileRef = 7992DB7924138DC100C48032 /* Actions.sks */; };
		7992DB7C24138DC100C48032 /* GameScene.swift in Sources */ = {isa = PBXBuildFile; fileRef = 7992DB7B24138DC100C48032 /* GameScene.swift */; };
		7992DB7E24138DC100C48032 /* GameViewController.swift in Sources */ = {isa = PBXBuildFile; fileRef = 7992DB7D24138DC100C48032 /* GameViewController.swift */; };
		7992DB8324138DC400C48032 /* Assets.xcassets in Resources */ = {isa = PBXBuildFile; fileRef = 7992DB8224138DC400C48032 /* Assets.xcassets */; };
		7992DB8624138DC400C48032 /* LaunchScreen.storyboard in Resources */ = {isa = PBXBuildFile; fileRef = 7992DB8424138DC400C48032 /* LaunchScreen.storyboard */; };
		7992DB93241396F400C48032 /* AppRouter.swift in Sources */ = {isa = PBXBuildFile; fileRef = 7992DB92241396F400C48032 /* AppRouter.swift */; };
		7992DB9624139E3E00C48032 /* GameViewModel.swift in Sources */ = {isa = PBXBuildFile; fileRef = 7992DB9524139E3E00C48032 /* GameViewModel.swift */; };
		7992DBA12414C54400C48032 /* CustomError.swift in Sources */ = {isa = PBXBuildFile; fileRef = 7992DBA02414C54400C48032 /* CustomError.swift */; };
		7992DBA52414C9F000C48032 /* Level1.txt in Resources */ = {isa = PBXBuildFile; fileRef = 7992DBA42414C9F000C48032 /* Level1.txt */; };
		E0448890F0C8E0DDE8D0CC8D /* Pods_FindTheWayOut.framework in Frameworks */ = {isa = PBXBuildFile; fileRef = 32036A27CD019AE98136E984 /* Pods_FindTheWayOut.framework */; };
/* End PBXBuildFile section */

/* Begin PBXFileReference section */
		1B75BDBEE491F3EB850414CC /* Pods-FindTheWayOut.release.xcconfig */ = {isa = PBXFileReference; includeInIndex = 1; lastKnownFileType = text.xcconfig; name = "Pods-FindTheWayOut.release.xcconfig"; path = "Target Support Files/Pods-FindTheWayOut/Pods-FindTheWayOut.release.xcconfig"; sourceTree = "<group>"; };
		32036A27CD019AE98136E984 /* Pods_FindTheWayOut.framework */ = {isa = PBXFileReference; explicitFileType = wrapper.framework; includeInIndex = 0; path = Pods_FindTheWayOut.framework; sourceTree = BUILT_PRODUCTS_DIR; };
		793D282B2416835C0076B97F /* GameState.swift */ = {isa = PBXFileReference; lastKnownFileType = sourcecode.swift; path = GameState.swift; sourceTree = "<group>"; };
		793D282D2416907B0076B97F /* MySKScene.swift */ = {isa = PBXFileReference; lastKnownFileType = sourcecode.swift; path = MySKScene.swift; sourceTree = "<group>"; };
		793D2830241693130076B97F /* CameraHelper.swift */ = {isa = PBXFileReference; lastKnownFileType = sourcecode.swift; path = CameraHelper.swift; sourceTree = "<group>"; };
		793D2832241695500076B97F /* GameConfiguration.swift */ = {isa = PBXFileReference; lastKnownFileType = sourcecode.swift; path = GameConfiguration.swift; sourceTree = "<group>"; };
		793D289A2417AE4B0076B97F /* R.generated.swift */ = {isa = PBXFileReference; fileEncoding = 4; lastKnownFileType = sourcecode.swift; path = R.generated.swift; sourceTree = "<group>"; };
		793D289C2417AE6A0076B97F /* ru */ = {isa = PBXFileReference; lastKnownFileType = text.plist.strings; name = ru; path = ru.lproj/LaunchScreen.strings; sourceTree = "<group>"; };
		793D289F2417AE730076B97F /* ru */ = {isa = PBXFileReference; lastKnownFileType = text.plist.strings; name = ru; path = LaunchScreen.strings; sourceTree = "<group>"; };
		793D28A22417AEDA0076B97F /* ru */ = {isa = PBXFileReference; lastKnownFileType = text.plist.strings; name = ru; path = Localizable.strings; sourceTree = "<group>"; };
		793D28AA2417BF9D0076B97F /* en */ = {isa = PBXFileReference; lastKnownFileType = text.plist.strings; name = en; path = Localizable.strings; sourceTree = "<group>"; };
		793D28AC2417BFCE0076B97F /* Level.swift */ = {isa = PBXFileReference; lastKnownFileType = sourcecode.swift; path = Level.swift; sourceTree = "<group>"; };
		793D28B1241801590076B97F /* Tile.swift */ = {isa = PBXFileReference; lastKnownFileType = sourcecode.swift; path = Tile.swift; sourceTree = "<group>"; };
		793D28B32418017E0076B97F /* MapPoint.swift */ = {isa = PBXFileReference; lastKnownFileType = sourcecode.swift; path = MapPoint.swift; sourceTree = "<group>"; };
		793D28B5241801AE0076B97F /* TileType.swift */ = {isa = PBXFileReference; lastKnownFileType = sourcecode.swift; path = TileType.swift; sourceTree = "<group>"; };
		793D28B824180D380076B97F /* Map.swift */ = {isa = PBXFileReference; lastKnownFileType = sourcecode.swift; path = Map.swift; sourceTree = "<group>"; };
		793D28BA241811330076B97F /* LevelCreator.swift */ = {isa = PBXFileReference; lastKnownFileType = sourcecode.swift; path = LevelCreator.swift; sourceTree = "<group>"; };
		794DF001241CC90600DFBD90 /* LevelScheme.swift */ = {isa = PBXFileReference; lastKnownFileType = sourcecode.swift; path = LevelScheme.swift; sourceTree = "<group>"; };
		794DF003241CDC3100DFBD90 /* FirstLevel.swift */ = {isa = PBXFileReference; lastKnownFileType = sourcecode.swift; path = FirstLevel.swift; sourceTree = "<group>"; };
		7984F875242B5FAD002E0650 /* TileSet.sks */ = {isa = PBXFileReference; lastKnownFileType = file.sks; path = TileSet.sks; sourceTree = "<group>"; };
		7984F877242B915E002E0650 /* LayerType.swift */ = {isa = PBXFileReference; lastKnownFileType = sourcecode.swift; path = LayerType.swift; sourceTree = "<group>"; };
		7992DB7224138DC000C48032 /* FindTheWayOut.app */ = {isa = PBXFileReference; explicitFileType = wrapper.application; includeInIndex = 0; path = FindTheWayOut.app; sourceTree = BUILT_PRODUCTS_DIR; };
		7992DB7524138DC000C48032 /* AppDelegate.swift */ = {isa = PBXFileReference; lastKnownFileType = sourcecode.swift; path = AppDelegate.swift; sourceTree = "<group>"; };
		7992DB7724138DC000C48032 /* GameScene.sks */ = {isa = PBXFileReference; lastKnownFileType = file.sks; path = GameScene.sks; sourceTree = "<group>"; };
		7992DB7924138DC100C48032 /* Actions.sks */ = {isa = PBXFileReference; lastKnownFileType = file.sks; path = Actions.sks; sourceTree = "<group>"; };
		7992DB7B24138DC100C48032 /* GameScene.swift */ = {isa = PBXFileReference; lastKnownFileType = sourcecode.swift; path = GameScene.swift; sourceTree = "<group>"; };
		7992DB7D24138DC100C48032 /* GameViewController.swift */ = {isa = PBXFileReference; lastKnownFileType = sourcecode.swift; path = GameViewController.swift; sourceTree = "<group>"; };
		7992DB8224138DC400C48032 /* Assets.xcassets */ = {isa = PBXFileReference; lastKnownFileType = folder.assetcatalog; path = Assets.xcassets; sourceTree = "<group>"; };
		7992DB8524138DC400C48032 /* Base */ = {isa = PBXFileReference; lastKnownFileType = file.storyboard; name = Base; path = Base.lproj/LaunchScreen.storyboard; sourceTree = "<group>"; };
		7992DB8724138DC400C48032 /* Info.plist */ = {isa = PBXFileReference; lastKnownFileType = text.plist.xml; path = Info.plist; sourceTree = "<group>"; };
		7992DB92241396F400C48032 /* AppRouter.swift */ = {isa = PBXFileReference; lastKnownFileType = sourcecode.swift; path = AppRouter.swift; sourceTree = "<group>"; };
		7992DB9524139E3E00C48032 /* GameViewModel.swift */ = {isa = PBXFileReference; lastKnownFileType = sourcecode.swift; path = GameViewModel.swift; sourceTree = "<group>"; };
		7992DBA02414C54400C48032 /* CustomError.swift */ = {isa = PBXFileReference; lastKnownFileType = sourcecode.swift; path = CustomError.swift; sourceTree = "<group>"; };
		7992DBA42414C9F000C48032 /* Level1.txt */ = {isa = PBXFileReference; lastKnownFileType = text; path = Level1.txt; sourceTree = "<group>"; };
		79E783BD8FA7BB6370B63199 /* Pods-FindTheWayOut.debug.xcconfig */ = {isa = PBXFileReference; includeInIndex = 1; lastKnownFileType = text.xcconfig; name = "Pods-FindTheWayOut.debug.xcconfig"; path = "Target Support Files/Pods-FindTheWayOut/Pods-FindTheWayOut.debug.xcconfig"; sourceTree = "<group>"; };
/* End PBXFileReference section */

/* Begin PBXFrameworksBuildPhase section */
		7992DB6F24138DC000C48032 /* Frameworks */ = {
			isa = PBXFrameworksBuildPhase;
			buildActionMask = 2147483647;
			files = (
				E0448890F0C8E0DDE8D0CC8D /* Pods_FindTheWayOut.framework in Frameworks */,
			);
			runOnlyForDeploymentPostprocessing = 0;
		};
/* End PBXFrameworksBuildPhase section */

/* Begin PBXGroup section */
		0C25135A1F8ED3B4D41A058E /* Frameworks */ = {
			isa = PBXGroup;
			children = (
				32036A27CD019AE98136E984 /* Pods_FindTheWayOut.framework */,
			);
			name = Frameworks;
			sourceTree = "<group>";
		};
		793D282F241692C40076B97F /* GameProperties */ = {
			isa = PBXGroup;
			children = (
				793D2832241695500076B97F /* GameConfiguration.swift */,
				793D282B2416835C0076B97F /* GameState.swift */,
				793D2830241693130076B97F /* CameraHelper.swift */,
			);
			path = GameProperties;
			sourceTree = "<group>";
		};
		793D289D2417AE730076B97F /* ru.lproj */ = {
			isa = PBXGroup;
			children = (
				793D289E2417AE730076B97F /* LaunchScreen.strings */,
				793D28A12417AEDA0076B97F /* Localizable.strings */,
			);
			path = ru.lproj;
			sourceTree = "<group>";
		};
		793D28A82417BF9D0076B97F /* en.lproj */ = {
			isa = PBXGroup;
			children = (
				793D28A92417BF9D0076B97F /* Localizable.strings */,
			);
			path = en.lproj;
			sourceTree = "<group>";
		};
		793D28AE2418007F0076B97F /* Entity */ = {
			isa = PBXGroup;
			children = (
				793D28B1241801590076B97F /* Tile.swift */,
				793D28B32418017E0076B97F /* MapPoint.swift */,
				793D28B5241801AE0076B97F /* TileType.swift */,
				7984F877242B915E002E0650 /* LayerType.swift */,
			);
			path = Entity;
			sourceTree = "<group>";
		};
		793D28B724180D090076B97F /* GameItems */ = {
			isa = PBXGroup;
			children = (
				793D28B824180D380076B97F /* Map.swift */,
			);
			path = GameItems;
			sourceTree = "<group>";
		};
		7992DB6924138DC000C48032 = {
			isa = PBXGroup;
			children = (
				793D289A2417AE4B0076B97F /* R.generated.swift */,
				7992DB7424138DC000C48032 /* FindTheWayOut */,
				7992DB7324138DC000C48032 /* Products */,
				AD2D435514D192C4587FD4EE /* Pods */,
				0C25135A1F8ED3B4D41A058E /* Frameworks */,
			);
			sourceTree = "<group>";
		};
		7992DB7324138DC000C48032 /* Products */ = {
			isa = PBXGroup;
			children = (
				7992DB7224138DC000C48032 /* FindTheWayOut.app */,
			);
			name = Products;
			sourceTree = "<group>";
		};
		7992DB7424138DC000C48032 /* FindTheWayOut */ = {
			isa = PBXGroup;
			children = (
				793D28AE2418007F0076B97F /* Entity */,
				7992DB90241391DA00C48032 /* Modules */,
				7992DB8F241391CF00C48032 /* Application */,
				7992DB8E2413919A00C48032 /* LaunchScreen */,
				7992DB8D2413917400C48032 /* Resources */,
				7992DBA32414C9C600C48032 /* Levels */,
			);
			path = FindTheWayOut;
			sourceTree = "<group>";
		};
		7992DB8D2413917400C48032 /* Resources */ = {
			isa = PBXGroup;
			children = (
				7992DB8224138DC400C48032 /* Assets.xcassets */,
				7992DB8724138DC400C48032 /* Info.plist */,
				7984F875242B5FAD002E0650 /* TileSet.sks */,
			);
			path = Resources;
			sourceTree = "<group>";
		};
		7992DB8E2413919A00C48032 /* LaunchScreen */ = {
			isa = PBXGroup;
			children = (
				793D28A82417BF9D0076B97F /* en.lproj */,
				793D289D2417AE730076B97F /* ru.lproj */,
				7992DB8424138DC400C48032 /* LaunchScreen.storyboard */,
			);
			path = LaunchScreen;
			sourceTree = "<group>";
		};
		7992DB8F241391CF00C48032 /* Application */ = {
			isa = PBXGroup;
			children = (
				7992DB7524138DC000C48032 /* AppDelegate.swift */,
				7992DB92241396F400C48032 /* AppRouter.swift */,
				7992DBA02414C54400C48032 /* CustomError.swift */,
			);
			path = Application;
			sourceTree = "<group>";
		};
		7992DB90241391DA00C48032 /* Modules */ = {
			isa = PBXGroup;
			children = (
				793D28B724180D090076B97F /* GameItems */,
				7992DB912413920900C48032 /* GameScene */,
				793D282F241692C40076B97F /* GameProperties */,
				7992DB9424139E2500C48032 /* Game */,
			);
			path = Modules;
			sourceTree = "<group>";
		};
		7992DB912413920900C48032 /* GameScene */ = {
			isa = PBXGroup;
			children = (
				7992DB7724138DC000C48032 /* GameScene.sks */,
				7992DB7924138DC100C48032 /* Actions.sks */,
				7992DB7B24138DC100C48032 /* GameScene.swift */,
				793D282D2416907B0076B97F /* MySKScene.swift */,
			);
			path = GameScene;
			sourceTree = "<group>";
		};
		7992DB9424139E2500C48032 /* Game */ = {
			isa = PBXGroup;
			children = (
				7992DB7D24138DC100C48032 /* GameViewController.swift */,
				7992DB9524139E3E00C48032 /* GameViewModel.swift */,
			);
			path = Game;
			sourceTree = "<group>";
		};
		7992DBA32414C9C600C48032 /* Levels */ = {
			isa = PBXGroup;
			children = (
				7992DBA42414C9F000C48032 /* Level1.txt */,
				793D28AC2417BFCE0076B97F /* Level.swift */,
				793D28BA241811330076B97F /* LevelCreator.swift */,
				794DF001241CC90600DFBD90 /* LevelScheme.swift */,
				794DF003241CDC3100DFBD90 /* FirstLevel.swift */,
			);
			name = Levels;
			path = ../Levels;
			sourceTree = "<group>";
		};
		AD2D435514D192C4587FD4EE /* Pods */ = {
			isa = PBXGroup;
			children = (
				79E783BD8FA7BB6370B63199 /* Pods-FindTheWayOut.debug.xcconfig */,
				1B75BDBEE491F3EB850414CC /* Pods-FindTheWayOut.release.xcconfig */,
			);
			path = Pods;
			sourceTree = "<group>";
		};
/* End PBXGroup section */

/* Begin PBXNativeTarget section */
		7992DB7124138DC000C48032 /* FindTheWayOut */ = {
			isa = PBXNativeTarget;
			buildConfigurationList = 7992DB8A24138DC400C48032 /* Build configuration list for PBXNativeTarget "FindTheWayOut" */;
			buildPhases = (
				DAE008DB713F47FF05E190F0 /* [CP] Check Pods Manifest.lock */,
				793D287524179CEA0076B97F /* ShellScript */,
				7992DB6E24138DC000C48032 /* Sources */,
				7992DB6F24138DC000C48032 /* Frameworks */,
				7992DB7024138DC000C48032 /* Resources */,
				92C00F010862F3DF680854EA /* [CP] Embed Pods Frameworks */,
			);
			buildRules = (
			);
			dependencies = (
			);
			name = FindTheWayOut;
			productName = FindTheWayOut;
			productReference = 7992DB7224138DC000C48032 /* FindTheWayOut.app */;
			productType = "com.apple.product-type.application";
		};
/* End PBXNativeTarget section */

/* Begin PBXProject section */
		7992DB6A24138DC000C48032 /* Project object */ = {
			isa = PBXProject;
			attributes = {
				LastSwiftUpdateCheck = 1130;
				LastUpgradeCheck = 1130;
				ORGANIZATIONNAME = "Антон Швец";
				TargetAttributes = {
					7992DB7124138DC000C48032 = {
						CreatedOnToolsVersion = 11.3.1;
					};
				};
			};
			buildConfigurationList = 7992DB6D24138DC000C48032 /* Build configuration list for PBXProject "FindTheWayOut" */;
			compatibilityVersion = "Xcode 9.3";
			developmentRegion = en;
			hasScannedForEncodings = 0;
			knownRegions = (
				en,
				Base,
				ru,
			);
			mainGroup = 7992DB6924138DC000C48032;
			productRefGroup = 7992DB7324138DC000C48032 /* Products */;
			projectDirPath = "";
			projectRoot = "";
			targets = (
				7992DB7124138DC000C48032 /* FindTheWayOut */,
			);
		};
/* End PBXProject section */

/* Begin PBXResourcesBuildPhase section */
		7992DB7024138DC000C48032 /* Resources */ = {
			isa = PBXResourcesBuildPhase;
			buildActionMask = 2147483647;
			files = (
				7984F876242B5FAD002E0650 /* TileSet.sks in Resources */,
				7992DB7824138DC000C48032 /* GameScene.sks in Resources */,
				793D28A02417AE740076B97F /* LaunchScreen.strings in Resources */,
				7992DB8324138DC400C48032 /* Assets.xcassets in Resources */,
				793D28A32417AEDA0076B97F /* Localizable.strings in Resources */,
				7992DB8624138DC400C48032 /* LaunchScreen.storyboard in Resources */,
				793D28AB2417BF9D0076B97F /* Localizable.strings in Resources */,
				7992DB7A24138DC100C48032 /* Actions.sks in Resources */,
				7992DBA52414C9F000C48032 /* Level1.txt in Resources */,
			);
			runOnlyForDeploymentPostprocessing = 0;
		};
/* End PBXResourcesBuildPhase section */

/* Begin PBXShellScriptBuildPhase section */
		793D287524179CEA0076B97F /* ShellScript */ = {
			isa = PBXShellScriptBuildPhase;
			buildActionMask = 2147483647;
			files = (
			);
			inputFileListPaths = (
			);
			inputPaths = (
				"$TEMP_DIR/rswift-lastrun",
			);
			outputFileListPaths = (
			);
			outputPaths = (
				$SRCROOT/R.generated.swift,
			);
			runOnlyForDeploymentPostprocessing = 0;
			shellPath = /bin/sh;
			shellScript = "\"$PODS_ROOT/R.swift/rswift\" generate \"$SRCROOT/R.generated.swift\"\n";
		};
		92C00F010862F3DF680854EA /* [CP] Embed Pods Frameworks */ = {
			isa = PBXShellScriptBuildPhase;
			buildActionMask = 2147483647;
			files = (
			);
			inputFileListPaths = (
				"${PODS_ROOT}/Target Support Files/Pods-FindTheWayOut/Pods-FindTheWayOut-frameworks-${CONFIGURATION}-input-files.xcfilelist",
			);
			name = "[CP] Embed Pods Frameworks";
			outputFileListPaths = (
				"${PODS_ROOT}/Target Support Files/Pods-FindTheWayOut/Pods-FindTheWayOut-frameworks-${CONFIGURATION}-output-files.xcfilelist",
			);
			runOnlyForDeploymentPostprocessing = 0;
			shellPath = /bin/sh;
			shellScript = "\"${PODS_ROOT}/Target Support Files/Pods-FindTheWayOut/Pods-FindTheWayOut-frameworks.sh\"\n";
			showEnvVarsInLog = 0;
		};
		DAE008DB713F47FF05E190F0 /* [CP] Check Pods Manifest.lock */ = {
			isa = PBXShellScriptBuildPhase;
			buildActionMask = 2147483647;
			files = (
			);
			inputFileListPaths = (
			);
			inputPaths = (
				"${PODS_PODFILE_DIR_PATH}/Podfile.lock",
				"${PODS_ROOT}/Manifest.lock",
			);
			name = "[CP] Check Pods Manifest.lock";
			outputFileListPaths = (
			);
			outputPaths = (
				"$(DERIVED_FILE_DIR)/Pods-FindTheWayOut-checkManifestLockResult.txt",
			);
			runOnlyForDeploymentPostprocessing = 0;
			shellPath = /bin/sh;
			shellScript = "diff \"${PODS_PODFILE_DIR_PATH}/Podfile.lock\" \"${PODS_ROOT}/Manifest.lock\" > /dev/null\nif [ $? != 0 ] ; then\n    # print error to STDERR\n    echo \"error: The sandbox is not in sync with the Podfile.lock. Run 'pod install' or update your CocoaPods installation.\" >&2\n    exit 1\nfi\n# This output is used by Xcode 'outputs' to avoid re-running this script phase.\necho \"SUCCESS\" > \"${SCRIPT_OUTPUT_FILE_0}\"\n";
			showEnvVarsInLog = 0;
		};
/* End PBXShellScriptBuildPhase section */

/* Begin PBXSourcesBuildPhase section */
		7992DB6E24138DC000C48032 /* Sources */ = {
			isa = PBXSourcesBuildPhase;
			buildActionMask = 2147483647;
			files = (
				793D282C2416835D0076B97F /* GameState.swift in Sources */,
				794DF004241CDC3100DFBD90 /* FirstLevel.swift in Sources */,
				7992DB93241396F400C48032 /* AppRouter.swift in Sources */,
				793D28B924180D380076B97F /* Map.swift in Sources */,
				793D28BB241811330076B97F /* LevelCreator.swift in Sources */,
				793D28B42418017E0076B97F /* MapPoint.swift in Sources */,
				793D28B2241801590076B97F /* Tile.swift in Sources */,
				793D2831241693130076B97F /* CameraHelper.swift in Sources */,
				7992DB7C24138DC100C48032 /* GameScene.swift in Sources */,
				7992DB7E24138DC100C48032 /* GameViewController.swift in Sources */,
				793D282E2416907B0076B97F /* MySKScene.swift in Sources */,
				793D28B6241801AE0076B97F /* TileType.swift in Sources */,
				793D28AD2417BFCE0076B97F /* Level.swift in Sources */,
				7984F878242B915E002E0650 /* LayerType.swift in Sources */,
				7992DB9624139E3E00C48032 /* GameViewModel.swift in Sources */,
				7992DB7624138DC000C48032 /* AppDelegate.swift in Sources */,
				794DF002241CC90600DFBD90 /* LevelScheme.swift in Sources */,
				793D2833241695500076B97F /* GameConfiguration.swift in Sources */,
				793D289B2417AE4B0076B97F /* R.generated.swift in Sources */,
				7992DBA12414C54400C48032 /* CustomError.swift in Sources */,
			);
			runOnlyForDeploymentPostprocessing = 0;
		};
/* End PBXSourcesBuildPhase section */

/* Begin PBXVariantGroup section */
		793D289E2417AE730076B97F /* LaunchScreen.strings */ = {
			isa = PBXVariantGroup;
			children = (
				793D289F2417AE730076B97F /* ru */,
			);
			name = LaunchScreen.strings;
			sourceTree = "<group>";
		};
		793D28A12417AEDA0076B97F /* Localizable.strings */ = {
			isa = PBXVariantGroup;
			children = (
				793D28A22417AEDA0076B97F /* ru */,
			);
			name = Localizable.strings;
			sourceTree = "<group>";
		};
		793D28A92417BF9D0076B97F /* Localizable.strings */ = {
			isa = PBXVariantGroup;
			children = (
				793D28AA2417BF9D0076B97F /* en */,
			);
			name = Localizable.strings;
			sourceTree = "<group>";
		};
		7992DB8424138DC400C48032 /* LaunchScreen.storyboard */ = {
			isa = PBXVariantGroup;
			children = (
				7992DB8524138DC400C48032 /* Base */,
				793D289C2417AE6A0076B97F /* ru */,
			);
			name = LaunchScreen.storyboard;
			sourceTree = "<group>";
		};
/* End PBXVariantGroup section */

/* Begin XCBuildConfiguration section */
		7992DB8824138DC400C48032 /* Debug */ = {
			isa = XCBuildConfiguration;
			buildSettings = {
				ALWAYS_SEARCH_USER_PATHS = NO;
				CLANG_ANALYZER_LOCALIZABILITY_NONLOCALIZED = YES;
				CLANG_ANALYZER_NONNULL = YES;
				CLANG_ANALYZER_NUMBER_OBJECT_CONVERSION = YES_AGGRESSIVE;
				CLANG_CXX_LANGUAGE_STANDARD = "gnu++14";
				CLANG_CXX_LIBRARY = "libc++";
				CLANG_ENABLE_MODULES = YES;
				CLANG_ENABLE_OBJC_ARC = YES;
				CLANG_ENABLE_OBJC_WEAK = YES;
				CLANG_WARN_BLOCK_CAPTURE_AUTORELEASING = YES;
				CLANG_WARN_BOOL_CONVERSION = YES;
				CLANG_WARN_COMMA = YES;
				CLANG_WARN_CONSTANT_CONVERSION = YES;
				CLANG_WARN_DEPRECATED_OBJC_IMPLEMENTATIONS = YES;
				CLANG_WARN_DIRECT_OBJC_ISA_USAGE = YES_ERROR;
				CLANG_WARN_DOCUMENTATION_COMMENTS = YES;
				CLANG_WARN_EMPTY_BODY = YES;
				CLANG_WARN_ENUM_CONVERSION = YES;
				CLANG_WARN_INFINITE_RECURSION = YES;
				CLANG_WARN_INT_CONVERSION = YES;
				CLANG_WARN_NON_LITERAL_NULL_CONVERSION = YES;
				CLANG_WARN_OBJC_IMPLICIT_RETAIN_SELF = YES;
				CLANG_WARN_OBJC_LITERAL_CONVERSION = YES;
				CLANG_WARN_OBJC_ROOT_CLASS = YES_ERROR;
				CLANG_WARN_RANGE_LOOP_ANALYSIS = YES;
				CLANG_WARN_STRICT_PROTOTYPES = YES;
				CLANG_WARN_SUSPICIOUS_MOVE = YES;
				CLANG_WARN_UNGUARDED_AVAILABILITY = YES_AGGRESSIVE;
				CLANG_WARN_UNREACHABLE_CODE = YES;
				CLANG_WARN__DUPLICATE_METHOD_MATCH = YES;
				COPY_PHASE_STRIP = NO;
				DEBUG_INFORMATION_FORMAT = dwarf;
				ENABLE_STRICT_OBJC_MSGSEND = YES;
				ENABLE_TESTABILITY = YES;
				GCC_C_LANGUAGE_STANDARD = gnu11;
				GCC_DYNAMIC_NO_PIC = NO;
				GCC_NO_COMMON_BLOCKS = YES;
				GCC_OPTIMIZATION_LEVEL = 0;
				GCC_PREPROCESSOR_DEFINITIONS = (
					"DEBUG=1",
					"$(inherited)",
				);
				GCC_WARN_64_TO_32_BIT_CONVERSION = YES;
				GCC_WARN_ABOUT_RETURN_TYPE = YES_ERROR;
				GCC_WARN_UNDECLARED_SELECTOR = YES;
				GCC_WARN_UNINITIALIZED_AUTOS = YES_AGGRESSIVE;
				GCC_WARN_UNUSED_FUNCTION = YES;
				GCC_WARN_UNUSED_VARIABLE = YES;
				IPHONEOS_DEPLOYMENT_TARGET = 13.2;
				MTL_ENABLE_DEBUG_INFO = INCLUDE_SOURCE;
				MTL_FAST_MATH = YES;
				ONLY_ACTIVE_ARCH = YES;
				SDKROOT = iphoneos;
				SWIFT_ACTIVE_COMPILATION_CONDITIONS = DEBUG;
				SWIFT_OPTIMIZATION_LEVEL = "-Onone";
			};
			name = Debug;
		};
		7992DB8924138DC400C48032 /* Release */ = {
			isa = XCBuildConfiguration;
			buildSettings = {
				ALWAYS_SEARCH_USER_PATHS = NO;
				CLANG_ANALYZER_LOCALIZABILITY_NONLOCALIZED = YES;
				CLANG_ANALYZER_NONNULL = YES;
				CLANG_ANALYZER_NUMBER_OBJECT_CONVERSION = YES_AGGRESSIVE;
				CLANG_CXX_LANGUAGE_STANDARD = "gnu++14";
				CLANG_CXX_LIBRARY = "libc++";
				CLANG_ENABLE_MODULES = YES;
				CLANG_ENABLE_OBJC_ARC = YES;
				CLANG_ENABLE_OBJC_WEAK = YES;
				CLANG_WARN_BLOCK_CAPTURE_AUTORELEASING = YES;
				CLANG_WARN_BOOL_CONVERSION = YES;
				CLANG_WARN_COMMA = YES;
				CLANG_WARN_CONSTANT_CONVERSION = YES;
				CLANG_WARN_DEPRECATED_OBJC_IMPLEMENTATIONS = YES;
				CLANG_WARN_DIRECT_OBJC_ISA_USAGE = YES_ERROR;
				CLANG_WARN_DOCUMENTATION_COMMENTS = YES;
				CLANG_WARN_EMPTY_BODY = YES;
				CLANG_WARN_ENUM_CONVERSION = YES;
				CLANG_WARN_INFINITE_RECURSION = YES;
				CLANG_WARN_INT_CONVERSION = YES;
				CLANG_WARN_NON_LITERAL_NULL_CONVERSION = YES;
				CLANG_WARN_OBJC_IMPLICIT_RETAIN_SELF = YES;
				CLANG_WARN_OBJC_LITERAL_CONVERSION = YES;
				CLANG_WARN_OBJC_ROOT_CLASS = YES_ERROR;
				CLANG_WARN_RANGE_LOOP_ANALYSIS = YES;
				CLANG_WARN_STRICT_PROTOTYPES = YES;
				CLANG_WARN_SUSPICIOUS_MOVE = YES;
				CLANG_WARN_UNGUARDED_AVAILABILITY = YES_AGGRESSIVE;
				CLANG_WARN_UNREACHABLE_CODE = YES;
				CLANG_WARN__DUPLICATE_METHOD_MATCH = YES;
				COPY_PHASE_STRIP = NO;
				DEBUG_INFORMATION_FORMAT = "dwarf-with-dsym";
				ENABLE_NS_ASSERTIONS = NO;
				ENABLE_STRICT_OBJC_MSGSEND = YES;
				GCC_C_LANGUAGE_STANDARD = gnu11;
				GCC_NO_COMMON_BLOCKS = YES;
				GCC_WARN_64_TO_32_BIT_CONVERSION = YES;
				GCC_WARN_ABOUT_RETURN_TYPE = YES_ERROR;
				GCC_WARN_UNDECLARED_SELECTOR = YES;
				GCC_WARN_UNINITIALIZED_AUTOS = YES_AGGRESSIVE;
				GCC_WARN_UNUSED_FUNCTION = YES;
				GCC_WARN_UNUSED_VARIABLE = YES;
				IPHONEOS_DEPLOYMENT_TARGET = 13.2;
				MTL_ENABLE_DEBUG_INFO = NO;
				MTL_FAST_MATH = YES;
				SDKROOT = iphoneos;
				SWIFT_COMPILATION_MODE = wholemodule;
				SWIFT_OPTIMIZATION_LEVEL = "-O";
				VALIDATE_PRODUCT = YES;
			};
			name = Release;
		};
		7992DB8B24138DC400C48032 /* Debug */ = {
			isa = XCBuildConfiguration;
			baseConfigurationReference = 79E783BD8FA7BB6370B63199 /* Pods-FindTheWayOut.debug.xcconfig */;
			buildSettings = {
				ASSETCATALOG_COMPILER_APPICON_NAME = AppIcon;
				CODE_SIGN_STYLE = Automatic;
				DEVELOPMENT_TEAM = TYBCNTUHJZ;
				INFOPLIST_FILE = FindTheWayOut/Info.plist;
				LD_RUNPATH_SEARCH_PATHS = (
					"$(inherited)",
					"@executable_path/Frameworks",
				);
				PRODUCT_BUNDLE_IDENTIFIER = "-.FindTheWayOut";
				PRODUCT_NAME = "$(TARGET_NAME)";
				SWIFT_VERSION = 5.0;
				TARGETED_DEVICE_FAMILY = "1,2";
			};
			name = Debug;
		};
		7992DB8C24138DC400C48032 /* Release */ = {
			isa = XCBuildConfiguration;
			baseConfigurationReference = 1B75BDBEE491F3EB850414CC /* Pods-FindTheWayOut.release.xcconfig */;
			buildSettings = {
				ASSETCATALOG_COMPILER_APPICON_NAME = AppIcon;
				CODE_SIGN_STYLE = Automatic;
				DEVELOPMENT_TEAM = TYBCNTUHJZ;
				INFOPLIST_FILE = FindTheWayOut/Info.plist;
				LD_RUNPATH_SEARCH_PATHS = (
					"$(inherited)",
					"@executable_path/Frameworks",
				);
				PRODUCT_BUNDLE_IDENTIFIER = "-.FindTheWayOut";
				PRODUCT_NAME = "$(TARGET_NAME)";
				SWIFT_VERSION = 5.0;
				TARGETED_DEVICE_FAMILY = "1,2";
			};
			name = Release;
		};
/* End XCBuildConfiguration section */

/* Begin XCConfigurationList section */
		7992DB6D24138DC000C48032 /* Build configuration list for PBXProject "FindTheWayOut" */ = {
			isa = XCConfigurationList;
			buildConfigurations = (
				7992DB8824138DC400C48032 /* Debug */,
				7992DB8924138DC400C48032 /* Release */,
			);
			defaultConfigurationIsVisible = 0;
			defaultConfigurationName = Release;
		};
		7992DB8A24138DC400C48032 /* Build configuration list for PBXNativeTarget "FindTheWayOut" */ = {
			isa = XCConfigurationList;
			buildConfigurations = (
				7992DB8B24138DC400C48032 /* Debug */,
				7992DB8C24138DC400C48032 /* Release */,
			);
			defaultConfigurationIsVisible = 0;
			defaultConfigurationName = Release;
		};
/* End XCConfigurationList section */
	};
	rootObject = 7992DB6A24138DC000C48032 /* Project object */;
}
